
Microsoft Visual Studio Solution File, Format Version 12.00
# Visual Studio Version 17
VisualStudioVersion = 17.9.34902.65
MinimumVisualStudioVersion = 10.0.40219.1
Project("{FAE04EC0-301F-11D3-BF4B-00C04F79EFBC}") = "asp.net web api", "asp.net web api\asp.net web api.csproj", "{BAFDFA58-91AB-4089-AAD7-4125656E7BB0}"
EndProject
Global
	GlobalSection(SolutionConfigurationPlatforms) = preSolution
		Debug|Any CPU = Debug|Any CPU
		Release|Any CPU = Release|Any CPU
	EndGlobalSection
	GlobalSection(ProjectConfigurationPlatforms) = postSolution
		{BAFDFA58-91AB-4089-AAD7-4125656E7BB0}.Debug|Any CPU.ActiveCfg = Debug|Any CPU
		{BAFDFA58-91AB-4089-AAD7-4125656E7BB0}.Debug|Any CPU.Build.0 = Debug|Any CPU
		{BAFDFA58-91AB-4089-AAD7-4125656E7BB0}.Release|Any CPU.ActiveCfg = Release|Any CPU
		{BAFDFA58-91AB-4089-AAD7-4125656E7BB0}.Release|Any CPU.Build.0 = Release|Any CPU
	EndGlobalSection
	GlobalSection(SolutionProperties) = preSolution
		HideSolutionNode = FALSE
	EndGlobalSection
	GlobalSection(ExtensibilityGlobals) = postSolution
		SolutionGuid = {FDD2DD8F-6129-4279-888D-6832320294FD}
	EndGlobalSection
EndGlobal
